
Microsoft Visual Studio Solution File, Format Version 12.00
# Visual Studio Version 17
VisualStudioVersion = 17.7.34031.279
MinimumVisualStudioVersion = 10.0.40219.1
Project("{F184B08F-C81C-45F6-A57F-5ABD9991F28F}") = "EjercicioClaseL", "EjercicioClaseL\EjercicioClaseL.vbproj", "{545A505E-342E-4768-BD19-06F0282D486B}"
EndProject
Global
	GlobalSection(SolutionConfigurationPlatforms) = preSolution
		Debug|Any CPU = Debug|Any CPU
		Release|Any CPU = Release|Any CPU
	EndGlobalSection
	GlobalSection(ProjectConfigurationPlatforms) = postSolution
		{545A505E-342E-4768-BD19-06F0282D486B}.Debug|Any CPU.ActiveCfg = Debug|Any CPU
		{545A505E-342E-4768-BD19-06F0282D486B}.Debug|Any CPU.Build.0 = Debug|Any CPU
		{545A505E-342E-4768-BD19-06F0282D486B}.Release|Any CPU.ActiveCfg = Release|Any CPU
		{545A505E-342E-4768-BD19-06F0282D486B}.Release|Any CPU.Build.0 = Release|Any CPU
	EndGlobalSection
	GlobalSection(SolutionProperties) = preSolution
		HideSolutionNode = FALSE
	EndGlobalSection
	GlobalSection(ExtensibilityGlobals) = postSolution
		SolutionGuid = {D11847D0-7CE6-45EA-8176-E9B80B8FD2E2}
	EndGlobalSection
EndGlobal
