
Microsoft Visual Studio Solution File, Format Version 12.00
# Visual Studio Version 17
VisualStudioVersion = 17.7.34018.315
MinimumVisualStudioVersion = 10.0.40219.1
Project("{F184B08F-C81C-45F6-A57F-5ABD9991F28F}") = "Ejercicio1", "Ejercicio1\Ejercicio1.vbproj", "{B2440AFD-58CB-4F02-A954-F2B76DF8B022}"
EndProject
Global
	GlobalSection(SolutionConfigurationPlatforms) = preSolution
		Debug|Any CPU = Debug|Any CPU
		Release|Any CPU = Release|Any CPU
	EndGlobalSection
	GlobalSection(ProjectConfigurationPlatforms) = postSolution
		{B2440AFD-58CB-4F02-A954-F2B76DF8B022}.Debug|Any CPU.ActiveCfg = Debug|Any CPU
		{B2440AFD-58CB-4F02-A954-F2B76DF8B022}.Debug|Any CPU.Build.0 = Debug|Any CPU
		{B2440AFD-58CB-4F02-A954-F2B76DF8B022}.Release|Any CPU.ActiveCfg = Release|Any CPU
		{B2440AFD-58CB-4F02-A954-F2B76DF8B022}.Release|Any CPU.Build.0 = Release|Any CPU
	EndGlobalSection
	GlobalSection(SolutionProperties) = preSolution
		HideSolutionNode = FALSE
	EndGlobalSection
	GlobalSection(ExtensibilityGlobals) = postSolution
		SolutionGuid = {7DA42B64-D13F-4F54-AC9D-A3E198490646}
	EndGlobalSection
EndGlobal
